
Microsoft Visual Studio Solution File, Format Version 12.00
# Visual Studio Version 16
VisualStudioVersion = 16.0.30611.23
MinimumVisualStudioVersion = 10.0.40219.1
Project("{FAE04EC0-301F-11D3-BF4B-00C04F79EFBC}") = "Api", "Api\Api.csproj", "{AF97C87C-B47F-4FB2-9A70-9469F000C417}"
EndProject
Project("{FAE04EC0-301F-11D3-BF4B-00C04F79EFBC}") = "Application", "Application\Application.csproj", "{0755F7A8-3CDA-4E01-9972-D2595A43613F}"
EndProject
Project("{FAE04EC0-301F-11D3-BF4B-00C04F79EFBC}") = "Infrastructure", "Infrastructure\Infrastructure.csproj", "{03BDD85A-06BC-44FE-8D1D-3E54963CD586}"
EndProject
Global
	GlobalSection(SolutionConfigurationPlatforms) = preSolution
		Debug|Any CPU = Debug|Any CPU
		Release|Any CPU = Release|Any CPU
	EndGlobalSection
	GlobalSection(ProjectConfigurationPlatforms) = postSolution
		{AF97C87C-B47F-4FB2-9A70-9469F000C417}.Debug|Any CPU.ActiveCfg = Debug|Any CPU
		{AF97C87C-B47F-4FB2-9A70-9469F000C417}.Debug|Any CPU.Build.0 = Debug|Any CPU
		{AF97C87C-B47F-4FB2-9A70-9469F000C417}.Release|Any CPU.ActiveCfg = Release|Any CPU
		{AF97C87C-B47F-4FB2-9A70-9469F000C417}.Release|Any CPU.Build.0 = Release|Any CPU
		{0755F7A8-3CDA-4E01-9972-D2595A43613F}.Debug|Any CPU.ActiveCfg = Debug|Any CPU
		{0755F7A8-3CDA-4E01-9972-D2595A43613F}.Debug|Any CPU.Build.0 = Debug|Any CPU
		{0755F7A8-3CDA-4E01-9972-D2595A43613F}.Release|Any CPU.ActiveCfg = Release|Any CPU
		{0755F7A8-3CDA-4E01-9972-D2595A43613F}.Release|Any CPU.Build.0 = Release|Any CPU
		{03BDD85A-06BC-44FE-8D1D-3E54963CD586}.Debug|Any CPU.ActiveCfg = Debug|Any CPU
		{03BDD85A-06BC-44FE-8D1D-3E54963CD586}.Debug|Any CPU.Build.0 = Debug|Any CPU
		{03BDD85A-06BC-44FE-8D1D-3E54963CD586}.Release|Any CPU.ActiveCfg = Release|Any CPU
		{03BDD85A-06BC-44FE-8D1D-3E54963CD586}.Release|Any CPU.Build.0 = Release|Any CPU
	EndGlobalSection
	GlobalSection(SolutionProperties) = preSolution
		HideSolutionNode = FALSE
	EndGlobalSection
	GlobalSection(ExtensibilityGlobals) = postSolution
		SolutionGuid = {5690B790-D8DB-40F8-9A6C-607CFDB01D21}
	EndGlobalSection
EndGlobal
